
Microsoft Visual Studio Solution File, Format Version 12.00
# Visual Studio Version 16
VisualStudioVersion = 16.0.28922.388
MinimumVisualStudioVersion = 10.0.40219.1
Project("{FAE04EC0-301F-11D3-BF4B-00C04F79EFBC}") = "PractIcaProgra", "PractIcaProgra\PractIcaProgra.csproj", "{7CBA4595-97F0-40E0-A648-FCA9F4F14EFD}"
EndProject
Global
	GlobalSection(SolutionConfigurationPlatforms) = preSolution
		Debug|Any CPU = Debug|Any CPU
		Release|Any CPU = Release|Any CPU
	EndGlobalSection
	GlobalSection(ProjectConfigurationPlatforms) = postSolution
		{7CBA4595-97F0-40E0-A648-FCA9F4F14EFD}.Debug|Any CPU.ActiveCfg = Debug|Any CPU
		{7CBA4595-97F0-40E0-A648-FCA9F4F14EFD}.Debug|Any CPU.Build.0 = Debug|Any CPU
		{7CBA4595-97F0-40E0-A648-FCA9F4F14EFD}.Release|Any CPU.ActiveCfg = Release|Any CPU
		{7CBA4595-97F0-40E0-A648-FCA9F4F14EFD}.Release|Any CPU.Build.0 = Release|Any CPU
	EndGlobalSection
	GlobalSection(SolutionProperties) = preSolution
		HideSolutionNode = FALSE
	EndGlobalSection
	GlobalSection(ExtensibilityGlobals) = postSolution
		SolutionGuid = {7B3B3CB4-5831-4CE9-9757-0886059EF807}
	EndGlobalSection
EndGlobal
